
Microsoft Visual Studio Solution File, Format Version 12.00
# Visual Studio Version 17
VisualStudioVersion = 17.8.34511.84
MinimumVisualStudioVersion = 10.0.40219.1
Project("{FAE04EC0-301F-11D3-BF4B-00C04F79EFBC}") = "MedicalAppointments", "MedicalAppointments\MedicalAppointments.csproj", "{4CAA6D0A-8528-4FFD-9F6E-D692F333903F}"
EndProject
Global
	GlobalSection(SolutionConfigurationPlatforms) = preSolution
		Debug|Any CPU = Debug|Any CPU
		Release|Any CPU = Release|Any CPU
	EndGlobalSection
	GlobalSection(ProjectConfigurationPlatforms) = postSolution
		{4CAA6D0A-8528-4FFD-9F6E-D692F333903F}.Debug|Any CPU.ActiveCfg = Debug|Any CPU
		{4CAA6D0A-8528-4FFD-9F6E-D692F333903F}.Debug|Any CPU.Build.0 = Debug|Any CPU
		{4CAA6D0A-8528-4FFD-9F6E-D692F333903F}.Release|Any CPU.ActiveCfg = Release|Any CPU
		{4CAA6D0A-8528-4FFD-9F6E-D692F333903F}.Release|Any CPU.Build.0 = Release|Any CPU
	EndGlobalSection
	GlobalSection(SolutionProperties) = preSolution
		HideSolutionNode = FALSE
	EndGlobalSection
	GlobalSection(ExtensibilityGlobals) = postSolution
		SolutionGuid = {E507B355-A56C-4F8F-9CD0-AE45B2C75DD0}
	EndGlobalSection
EndGlobal
